
Microsoft Visual Studio Solution File, Format Version 12.00
Project("{FAE04EC0-301F-11D3-BF4B-00C04F79EFBC}") = "labs", "labs\labs.csproj", "{B1E0251F-799B-45F2-813D-410E4D140BD2}"
EndProject
Project("{FAE04EC0-301F-11D3-BF4B-00C04F79EFBC}") = "unit_tests", "unit_tests\unit_tests.csproj", "{224B5A2B-239B-4468-B569-7302BD646431}"
EndProject
Global
	GlobalSection(SolutionConfigurationPlatforms) = preSolution
		Debug|Any CPU = Debug|Any CPU
		Release|Any CPU = Release|Any CPU
	EndGlobalSection
	GlobalSection(ProjectConfigurationPlatforms) = postSolution
		{B1E0251F-799B-45F2-813D-410E4D140BD2}.Debug|Any CPU.ActiveCfg = Debug|Any CPU
		{B1E0251F-799B-45F2-813D-410E4D140BD2}.Debug|Any CPU.Build.0 = Debug|Any CPU
		{B1E0251F-799B-45F2-813D-410E4D140BD2}.Release|Any CPU.ActiveCfg = Release|Any CPU
		{B1E0251F-799B-45F2-813D-410E4D140BD2}.Release|Any CPU.Build.0 = Release|Any CPU
		{224B5A2B-239B-4468-B569-7302BD646431}.Debug|Any CPU.ActiveCfg = Debug|Any CPU
		{224B5A2B-239B-4468-B569-7302BD646431}.Debug|Any CPU.Build.0 = Debug|Any CPU
		{224B5A2B-239B-4468-B569-7302BD646431}.Release|Any CPU.ActiveCfg = Release|Any CPU
		{224B5A2B-239B-4468-B569-7302BD646431}.Release|Any CPU.Build.0 = Release|Any CPU
	EndGlobalSection
EndGlobal
